
Microsoft Visual Studio Solution File, Format Version 12.00
# Visual Studio Version 16
VisualStudioVersion = 16.0.30128.74
MinimumVisualStudioVersion = 10.0.40219.1
Project("{FAE04EC0-301F-11D3-BF4B-00C04F79EFBC}") = "Figures", "Figures\Figures.csproj", "{547F4FA6-D350-410D-9365-883D2ABBB342}"
EndProject
Project("{FAE04EC0-301F-11D3-BF4B-00C04F79EFBC}") = "FileWorker", "FileWorker\FileWorker.csproj", "{A27B0FBE-AF2D-44B2-AB95-A5E2C1D7A344}"
EndProject
Project("{FAE04EC0-301F-11D3-BF4B-00C04F79EFBC}") = "FindGCD", "FIlndGCD\FindGCD.csproj", "{8BD5926E-1EC7-4EFB-B138-F4313D5E5CED}"
EndProject
Project("{2150E333-8FDC-42A3-9474-1A3956D46DE8}") = "Task_1", "Task_1", "{6D0D696C-370E-45F7-841D-2D2F971AC50E}"
EndProject
Project("{2150E333-8FDC-42A3-9474-1A3956D46DE8}") = "Task_2", "Task_2", "{31F9190B-B592-4CF3-B47A-3E43F54B1392}"
EndProject
Project("{2150E333-8FDC-42A3-9474-1A3956D46DE8}") = "UnitTests", "UnitTests", "{07234CCA-4740-457C-94D7-9D3219DEAA04}"
EndProject
Project("{FAE04EC0-301F-11D3-BF4B-00C04F79EFBC}") = "UnitTestsForFindGCD", "UnitTestFindGCD\UnitTestsForFindGCD.csproj", "{9ED10D36-5B64-4AFF-BB1A-199FB2636723}"
EndProject
Project("{2150E333-8FDC-42A3-9474-1A3956D46DE8}") = "UnitTests", "UnitTests", "{C5B3EAFA-C0B8-4EB4-AC53-49DC55136F2A}"
EndProject
Project("{2150E333-8FDC-42A3-9474-1A3956D46DE8}") = "FIleWork", "FIleWork", "{8B34BAB6-62F7-457F-AEA4-896A09639D11}"
EndProject
Project("{2150E333-8FDC-42A3-9474-1A3956D46DE8}") = "FiguresWork", "FiguresWork", "{34716E8A-E682-4C8D-9BA2-8B1C01D9AB7E}"
EndProject
Project("{FAE04EC0-301F-11D3-BF4B-00C04F79EFBC}") = "UnitTestsForFigures", "UnitTestFigures\UnitTestsForFigures.csproj", "{B79871A2-84E4-4A00-8F62-1062789C1ED4}"
EndProject
Project("{2150E333-8FDC-42A3-9474-1A3956D46DE8}") = "Resourses", "Resourses", "{81C1109C-7AFA-4143-939F-C48ED328B97D}"
	ProjectSection(SolutionItems) = preProject
		Figures.txt = Figures.txt
	EndProjectSection
EndProject
Project("{2150E333-8FDC-42A3-9474-1A3956D46DE8}") = "Task text", "Task text", "{8DCAC7E2-9918-4942-970F-84011CE03594}"
	ProjectSection(SolutionItems) = preProject
		C:\Users\Константин\Desktop\EPAM\task01_NET#_Declaring_and_calling_methods.pdf = C:\Users\Константин\Desktop\EPAM\task01_NET#_Declaring_and_calling_methods.pdf
	EndProjectSection
EndProject
Global
	GlobalSection(SolutionConfigurationPlatforms) = preSolution
		Debug|Any CPU = Debug|Any CPU
		Release|Any CPU = Release|Any CPU
	EndGlobalSection
	GlobalSection(ProjectConfigurationPlatforms) = postSolution
		{547F4FA6-D350-410D-9365-883D2ABBB342}.Debug|Any CPU.ActiveCfg = Debug|Any CPU
		{547F4FA6-D350-410D-9365-883D2ABBB342}.Debug|Any CPU.Build.0 = Debug|Any CPU
		{547F4FA6-D350-410D-9365-883D2ABBB342}.Release|Any CPU.ActiveCfg = Release|Any CPU
		{547F4FA6-D350-410D-9365-883D2ABBB342}.Release|Any CPU.Build.0 = Release|Any CPU
		{A27B0FBE-AF2D-44B2-AB95-A5E2C1D7A344}.Debug|Any CPU.ActiveCfg = Debug|Any CPU
		{A27B0FBE-AF2D-44B2-AB95-A5E2C1D7A344}.Debug|Any CPU.Build.0 = Debug|Any CPU
		{A27B0FBE-AF2D-44B2-AB95-A5E2C1D7A344}.Release|Any CPU.ActiveCfg = Release|Any CPU
		{A27B0FBE-AF2D-44B2-AB95-A5E2C1D7A344}.Release|Any CPU.Build.0 = Release|Any CPU
		{8BD5926E-1EC7-4EFB-B138-F4313D5E5CED}.Debug|Any CPU.ActiveCfg = Debug|Any CPU
		{8BD5926E-1EC7-4EFB-B138-F4313D5E5CED}.Debug|Any CPU.Build.0 = Debug|Any CPU
		{8BD5926E-1EC7-4EFB-B138-F4313D5E5CED}.Release|Any CPU.ActiveCfg = Release|Any CPU
		{8BD5926E-1EC7-4EFB-B138-F4313D5E5CED}.Release|Any CPU.Build.0 = Release|Any CPU
		{9ED10D36-5B64-4AFF-BB1A-199FB2636723}.Debug|Any CPU.ActiveCfg = Debug|Any CPU
		{9ED10D36-5B64-4AFF-BB1A-199FB2636723}.Debug|Any CPU.Build.0 = Debug|Any CPU
		{9ED10D36-5B64-4AFF-BB1A-199FB2636723}.Release|Any CPU.ActiveCfg = Release|Any CPU
		{9ED10D36-5B64-4AFF-BB1A-199FB2636723}.Release|Any CPU.Build.0 = Release|Any CPU
		{B79871A2-84E4-4A00-8F62-1062789C1ED4}.Debug|Any CPU.ActiveCfg = Debug|Any CPU
		{B79871A2-84E4-4A00-8F62-1062789C1ED4}.Debug|Any CPU.Build.0 = Debug|Any CPU
		{B79871A2-84E4-4A00-8F62-1062789C1ED4}.Release|Any CPU.ActiveCfg = Release|Any CPU
		{B79871A2-84E4-4A00-8F62-1062789C1ED4}.Release|Any CPU.Build.0 = Release|Any CPU
	EndGlobalSection
	GlobalSection(SolutionProperties) = preSolution
		HideSolutionNode = FALSE
	EndGlobalSection
	GlobalSection(NestedProjects) = preSolution
		{547F4FA6-D350-410D-9365-883D2ABBB342} = {34716E8A-E682-4C8D-9BA2-8B1C01D9AB7E}
		{A27B0FBE-AF2D-44B2-AB95-A5E2C1D7A344} = {8B34BAB6-62F7-457F-AEA4-896A09639D11}
		{8BD5926E-1EC7-4EFB-B138-F4313D5E5CED} = {6D0D696C-370E-45F7-841D-2D2F971AC50E}
		{07234CCA-4740-457C-94D7-9D3219DEAA04} = {6D0D696C-370E-45F7-841D-2D2F971AC50E}
		{9ED10D36-5B64-4AFF-BB1A-199FB2636723} = {07234CCA-4740-457C-94D7-9D3219DEAA04}
		{C5B3EAFA-C0B8-4EB4-AC53-49DC55136F2A} = {31F9190B-B592-4CF3-B47A-3E43F54B1392}
		{8B34BAB6-62F7-457F-AEA4-896A09639D11} = {31F9190B-B592-4CF3-B47A-3E43F54B1392}
		{34716E8A-E682-4C8D-9BA2-8B1C01D9AB7E} = {31F9190B-B592-4CF3-B47A-3E43F54B1392}
		{B79871A2-84E4-4A00-8F62-1062789C1ED4} = {C5B3EAFA-C0B8-4EB4-AC53-49DC55136F2A}
		{81C1109C-7AFA-4143-939F-C48ED328B97D} = {31F9190B-B592-4CF3-B47A-3E43F54B1392}
	EndGlobalSection
	GlobalSection(ExtensibilityGlobals) = postSolution
		SolutionGuid = {005BB2BC-51C2-46E7-AC6F-A0066A1F32CC}
	EndGlobalSection
EndGlobal
